
Microsoft Visual Studio Solution File, Format Version 12.00
# Visual Studio 15
VisualStudioVersion = 15.0.28307.271
MinimumVisualStudioVersion = 10.0.40219.1
Project("{2150E333-8FDC-42A3-9474-1A3956D46DE8}") = "Solution Items", "Solution Items", "{B36605D3-1B52-4BD1-858E-82013FEDDABA}"
	ProjectSection(SolutionItems) = preProject
		.gitignore = .gitignore
		AUTHORS.md = AUTHORS.md
		CODE_OF_CONDUCT.md = CODE_OF_CONDUCT.md
		CONTRIBUTING.md = CONTRIBUTING.md
		LICENSE.md = LICENSE.md
		README.md = README.md
	EndProjectSection
EndProject
Project("{E24C65DC-7377-472B-9ABA-BC803B73C61A}") = "docs(1)", "docs\", "{84B6C4BF-0F22-42E4-BDA3-28A440DC467A}"
	ProjectSection(WebsiteProperties) = preProject
		TargetFrameworkMoniker = ".NETFramework,Version%3Dv4.0"
		Debug.AspNetCompiler.VirtualPath = "/localhost_49930"
		Debug.AspNetCompiler.PhysicalPath = "docs\"
		Debug.AspNetCompiler.TargetPath = "PrecompiledWeb\localhost_49930\"
		Debug.AspNetCompiler.Updateable = "true"
		Debug.AspNetCompiler.ForceOverwrite = "true"
		Debug.AspNetCompiler.FixedNames = "false"
		Debug.AspNetCompiler.Debug = "True"
		Release.AspNetCompiler.VirtualPath = "/localhost_49930"
		Release.AspNetCompiler.PhysicalPath = "docs\"
		Release.AspNetCompiler.TargetPath = "PrecompiledWeb\localhost_49930\"
		Release.AspNetCompiler.Updateable = "true"
		Release.AspNetCompiler.ForceOverwrite = "true"
		Release.AspNetCompiler.FixedNames = "false"
		Release.AspNetCompiler.Debug = "False"
		VWDPort = "49930"
		SlnRelativePath = "docs\"
		StartServerOnDebug = "false"
	EndProjectSection
EndProject
Project("{E24C65DC-7377-472B-9ABA-BC803B73C61A}") = "src", "src\", "{283DD39E-59AB-4811-921B-8F068CEFD9AA}"
	ProjectSection(WebsiteProperties) = preProject
		TargetFrameworkMoniker = ".NETFramework,Version%3Dv4.0"
		Debug.AspNetCompiler.VirtualPath = "/localhost_50081"
		Debug.AspNetCompiler.PhysicalPath = "src\"
		Debug.AspNetCompiler.TargetPath = "PrecompiledWeb\localhost_50081\"
		Debug.AspNetCompiler.Updateable = "true"
		Debug.AspNetCompiler.ForceOverwrite = "true"
		Debug.AspNetCompiler.FixedNames = "false"
		Debug.AspNetCompiler.Debug = "True"
		Release.AspNetCompiler.VirtualPath = "/localhost_50081"
		Release.AspNetCompiler.PhysicalPath = "src\"
		Release.AspNetCompiler.TargetPath = "PrecompiledWeb\localhost_50081\"
		Release.AspNetCompiler.Updateable = "true"
		Release.AspNetCompiler.ForceOverwrite = "true"
		Release.AspNetCompiler.FixedNames = "false"
		Release.AspNetCompiler.Debug = "False"
		VWDPort = "50081"
		SlnRelativePath = "src\"
	EndProjectSection
EndProject
Project("{E24C65DC-7377-472B-9ABA-BC803B73C61A}") = "Sid Meier's Civilization 5", "C:\Users\JAVIER\Documents\My Games\Sid Meier's Civilization 5\", "{74DD7C1D-460F-4AB5-983A-B3D37EA1478D}"
	ProjectSection(WebsiteProperties) = preProject
		TargetFrameworkMoniker = ".NETFramework,Version%3Dv4.0"
		Debug.AspNetCompiler.VirtualPath = "/localhost_51304"
		Debug.AspNetCompiler.PhysicalPath = "C:\Users\JAVIER\Documents\My Games\Sid Meier's Civilization 5\"
		Debug.AspNetCompiler.TargetPath = "PrecompiledWeb\localhost_51304\"
		Debug.AspNetCompiler.Updateable = "true"
		Debug.AspNetCompiler.ForceOverwrite = "true"
		Debug.AspNetCompiler.FixedNames = "false"
		Debug.AspNetCompiler.Debug = "True"
		Release.AspNetCompiler.VirtualPath = "/localhost_51304"
		Release.AspNetCompiler.PhysicalPath = "C:\Users\JAVIER\Documents\My Games\Sid Meier's Civilization 5\"
		Release.AspNetCompiler.TargetPath = "PrecompiledWeb\localhost_51304\"
		Release.AspNetCompiler.Updateable = "true"
		Release.AspNetCompiler.ForceOverwrite = "true"
		Release.AspNetCompiler.FixedNames = "false"
		Release.AspNetCompiler.Debug = "False"
		VWDPort = "51304"
		SlnRelativePath = "C:\Users\JAVIER\Documents\My Games\Sid Meier's Civilization 5\"
	EndProjectSection
EndProject
Global
	GlobalSection(SolutionConfigurationPlatforms) = preSolution
		All|Any CPU = All|Any CPU
		All|x64 = All|x64
		All|x86 = All|x86
		Debug|Any CPU = Debug|Any CPU
		Debug|x64 = Debug|x64
		Debug|x86 = Debug|x86
		DefaultBuild|Any CPU = DefaultBuild|Any CPU
		DefaultBuild|x64 = DefaultBuild|x64
		DefaultBuild|x86 = DefaultBuild|x86
		Release|Any CPU = Release|Any CPU
		Release|x64 = Release|x64
		Release|x86 = Release|x86
	EndGlobalSection
	GlobalSection(ProjectConfigurationPlatforms) = postSolution
		{84B6C4BF-0F22-42E4-BDA3-28A440DC467A}.All|Any CPU.ActiveCfg = Debug|Any CPU
		{84B6C4BF-0F22-42E4-BDA3-28A440DC467A}.All|Any CPU.Build.0 = Debug|Any CPU
		{84B6C4BF-0F22-42E4-BDA3-28A440DC467A}.All|x64.ActiveCfg = Debug|Any CPU
		{84B6C4BF-0F22-42E4-BDA3-28A440DC467A}.All|x64.Build.0 = Debug|Any CPU
		{84B6C4BF-0F22-42E4-BDA3-28A440DC467A}.All|x86.ActiveCfg = Debug|Any CPU
		{84B6C4BF-0F22-42E4-BDA3-28A440DC467A}.All|x86.Build.0 = Debug|Any CPU
		{84B6C4BF-0F22-42E4-BDA3-28A440DC467A}.Debug|Any CPU.ActiveCfg = Debug|Any CPU
		{84B6C4BF-0F22-42E4-BDA3-28A440DC467A}.Debug|Any CPU.Build.0 = Debug|Any CPU
		{84B6C4BF-0F22-42E4-BDA3-28A440DC467A}.Debug|x64.ActiveCfg = Debug|Any CPU
		{84B6C4BF-0F22-42E4-BDA3-28A440DC467A}.Debug|x64.Build.0 = Debug|Any CPU
		{84B6C4BF-0F22-42E4-BDA3-28A440DC467A}.Debug|x86.ActiveCfg = Debug|Any CPU
		{84B6C4BF-0F22-42E4-BDA3-28A440DC467A}.Debug|x86.Build.0 = Debug|Any CPU
		{84B6C4BF-0F22-42E4-BDA3-28A440DC467A}.DefaultBuild|Any CPU.ActiveCfg = Debug|Any CPU
		{84B6C4BF-0F22-42E4-BDA3-28A440DC467A}.DefaultBuild|Any CPU.Build.0 = Debug|Any CPU
		{84B6C4BF-0F22-42E4-BDA3-28A440DC467A}.DefaultBuild|x64.ActiveCfg = Debug|Any CPU
		{84B6C4BF-0F22-42E4-BDA3-28A440DC467A}.DefaultBuild|x64.Build.0 = Debug|Any CPU
		{84B6C4BF-0F22-42E4-BDA3-28A440DC467A}.DefaultBuild|x86.ActiveCfg = Debug|Any CPU
		{84B6C4BF-0F22-42E4-BDA3-28A440DC467A}.DefaultBuild|x86.Build.0 = Debug|Any CPU
		{84B6C4BF-0F22-42E4-BDA3-28A440DC467A}.Release|Any CPU.ActiveCfg = Debug|Any CPU
		{84B6C4BF-0F22-42E4-BDA3-28A440DC467A}.Release|Any CPU.Build.0 = Debug|Any CPU
		{84B6C4BF-0F22-42E4-BDA3-28A440DC467A}.Release|x64.ActiveCfg = Debug|Any CPU
		{84B6C4BF-0F22-42E4-BDA3-28A440DC467A}.Release|x64.Build.0 = Debug|Any CPU
		{84B6C4BF-0F22-42E4-BDA3-28A440DC467A}.Release|x86.ActiveCfg = Debug|Any CPU
		{84B6C4BF-0F22-42E4-BDA3-28A440DC467A}.Release|x86.Build.0 = Debug|Any CPU
		{283DD39E-59AB-4811-921B-8F068CEFD9AA}.All|Any CPU.ActiveCfg = Debug|Any CPU
		{283DD39E-59AB-4811-921B-8F068CEFD9AA}.All|Any CPU.Build.0 = Debug|Any CPU
		{283DD39E-59AB-4811-921B-8F068CEFD9AA}.All|x64.ActiveCfg = Debug|Any CPU
		{283DD39E-59AB-4811-921B-8F068CEFD9AA}.All|x64.Build.0 = Debug|Any CPU
		{283DD39E-59AB-4811-921B-8F068CEFD9AA}.All|x86.ActiveCfg = Debug|Any CPU
		{283DD39E-59AB-4811-921B-8F068CEFD9AA}.All|x86.Build.0 = Debug|Any CPU
		{283DD39E-59AB-4811-921B-8F068CEFD9AA}.Debug|Any CPU.ActiveCfg = Debug|Any CPU
		{283DD39E-59AB-4811-921B-8F068CEFD9AA}.Debug|Any CPU.Build.0 = Debug|Any CPU
		{283DD39E-59AB-4811-921B-8F068CEFD9AA}.Debug|x64.ActiveCfg = Debug|Any CPU
		{283DD39E-59AB-4811-921B-8F068CEFD9AA}.Debug|x64.Build.0 = Debug|Any CPU
		{283DD39E-59AB-4811-921B-8F068CEFD9AA}.Debug|x86.ActiveCfg = Debug|Any CPU
		{283DD39E-59AB-4811-921B-8F068CEFD9AA}.Debug|x86.Build.0 = Debug|Any CPU
		{283DD39E-59AB-4811-921B-8F068CEFD9AA}.DefaultBuild|Any CPU.ActiveCfg = Debug|Any CPU
		{283DD39E-59AB-4811-921B-8F068CEFD9AA}.DefaultBuild|Any CPU.Build.0 = Debug|Any CPU
		{283DD39E-59AB-4811-921B-8F068CEFD9AA}.DefaultBuild|x64.ActiveCfg = Debug|Any CPU
		{283DD39E-59AB-4811-921B-8F068CEFD9AA}.DefaultBuild|x64.Build.0 = Debug|Any CPU
		{283DD39E-59AB-4811-921B-8F068CEFD9AA}.DefaultBuild|x86.ActiveCfg = Debug|Any CPU
		{283DD39E-59AB-4811-921B-8F068CEFD9AA}.DefaultBuild|x86.Build.0 = Debug|Any CPU
		{283DD39E-59AB-4811-921B-8F068CEFD9AA}.Release|Any CPU.ActiveCfg = Debug|Any CPU
		{283DD39E-59AB-4811-921B-8F068CEFD9AA}.Release|Any CPU.Build.0 = Debug|Any CPU
		{283DD39E-59AB-4811-921B-8F068CEFD9AA}.Release|x64.ActiveCfg = Debug|Any CPU
		{283DD39E-59AB-4811-921B-8F068CEFD9AA}.Release|x64.Build.0 = Debug|Any CPU
		{283DD39E-59AB-4811-921B-8F068CEFD9AA}.Release|x86.ActiveCfg = Debug|Any CPU
		{283DD39E-59AB-4811-921B-8F068CEFD9AA}.Release|x86.Build.0 = Debug|Any CPU
		{74DD7C1D-460F-4AB5-983A-B3D37EA1478D}.All|Any CPU.ActiveCfg = Debug|Any CPU
		{74DD7C1D-460F-4AB5-983A-B3D37EA1478D}.All|Any CPU.Build.0 = Debug|Any CPU
		{74DD7C1D-460F-4AB5-983A-B3D37EA1478D}.All|x64.ActiveCfg = Debug|Any CPU
		{74DD7C1D-460F-4AB5-983A-B3D37EA1478D}.All|x64.Build.0 = Debug|Any CPU
		{74DD7C1D-460F-4AB5-983A-B3D37EA1478D}.All|x86.ActiveCfg = Debug|Any CPU
		{74DD7C1D-460F-4AB5-983A-B3D37EA1478D}.All|x86.Build.0 = Debug|Any CPU
		{74DD7C1D-460F-4AB5-983A-B3D37EA1478D}.Debug|Any CPU.ActiveCfg = Debug|Any CPU
		{74DD7C1D-460F-4AB5-983A-B3D37EA1478D}.Debug|Any CPU.Build.0 = Debug|Any CPU
		{74DD7C1D-460F-4AB5-983A-B3D37EA1478D}.Debug|x64.ActiveCfg = Debug|Any CPU
		{74DD7C1D-460F-4AB5-983A-B3D37EA1478D}.Debug|x64.Build.0 = Debug|Any CPU
		{74DD7C1D-460F-4AB5-983A-B3D37EA1478D}.Debug|x86.ActiveCfg = Debug|Any CPU
		{74DD7C1D-460F-4AB5-983A-B3D37EA1478D}.Debug|x86.Build.0 = Debug|Any CPU
		{74DD7C1D-460F-4AB5-983A-B3D37EA1478D}.DefaultBuild|Any CPU.ActiveCfg = Debug|Any CPU
		{74DD7C1D-460F-4AB5-983A-B3D37EA1478D}.DefaultBuild|Any CPU.Build.0 = Debug|Any CPU
		{74DD7C1D-460F-4AB5-983A-B3D37EA1478D}.DefaultBuild|x64.ActiveCfg = Debug|Any CPU
		{74DD7C1D-460F-4AB5-983A-B3D37EA1478D}.DefaultBuild|x64.Build.0 = Debug|Any CPU
		{74DD7C1D-460F-4AB5-983A-B3D37EA1478D}.DefaultBuild|x86.ActiveCfg = Debug|Any CPU
		{74DD7C1D-460F-4AB5-983A-B3D37EA1478D}.DefaultBuild|x86.Build.0 = Debug|Any CPU
		{74DD7C1D-460F-4AB5-983A-B3D37EA1478D}.Release|Any CPU.ActiveCfg = Debug|Any CPU
		{74DD7C1D-460F-4AB5-983A-B3D37EA1478D}.Release|Any CPU.Build.0 = Debug|Any CPU
		{74DD7C1D-460F-4AB5-983A-B3D37EA1478D}.Release|x64.ActiveCfg = Debug|Any CPU
		{74DD7C1D-460F-4AB5-983A-B3D37EA1478D}.Release|x64.Build.0 = Debug|Any CPU
		{74DD7C1D-460F-4AB5-983A-B3D37EA1478D}.Release|x86.ActiveCfg = Debug|Any CPU
		{74DD7C1D-460F-4AB5-983A-B3D37EA1478D}.Release|x86.Build.0 = Debug|Any CPU
	EndGlobalSection
	GlobalSection(SolutionProperties) = preSolution
		HideSolutionNode = FALSE
	EndGlobalSection
	GlobalSection(ExtensibilityGlobals) = postSolution
		SolutionGuid = {4922D77E-F2CA-4CE5-8252-E23E177FC1CA}
	EndGlobalSection
EndGlobal
